
Microsoft Visual Studio Solution File, Format Version 12.00
# Visual Studio Version 16
VisualStudioVersion = 16.0.29326.143
MinimumVisualStudioVersion = 10.0.40219.1
Project("{9A19103F-16F7-4668-BE54-9A1E7A4F7556}") = "UserManagement", "UserManagement.csproj", "{7542F17B-094B-4343-B160-FDF8FED25DFC}"
EndProject
Global
	GlobalSection(SolutionConfigurationPlatforms) = preSolution
		Debug|Any CPU = Debug|Any CPU
		Release|Any CPU = Release|Any CPU
	EndGlobalSection
	GlobalSection(ProjectConfigurationPlatforms) = postSolution
		{7542F17B-094B-4343-B160-FDF8FED25DFC}.Debug|Any CPU.ActiveCfg = Debug|Any CPU
		{7542F17B-094B-4343-B160-FDF8FED25DFC}.Debug|Any CPU.Build.0 = Debug|Any CPU
		{7542F17B-094B-4343-B160-FDF8FED25DFC}.Release|Any CPU.ActiveCfg = Release|Any CPU
		{7542F17B-094B-4343-B160-FDF8FED25DFC}.Release|Any CPU.Build.0 = Release|Any CPU
	EndGlobalSection
	GlobalSection(SolutionProperties) = preSolution
		HideSolutionNode = FALSE
	EndGlobalSection
	GlobalSection(ExtensibilityGlobals) = postSolution
		SolutionGuid = {9A83CB3A-DF0F-4A5C-B2AD-296988AB3B0F}
	EndGlobalSection
EndGlobal
